// !$*UTF8*$!
{
	archiveVersion = 1;
	classes = {
	};
	objectVersion = 46;
	objects = {

/* Begin PBXBuildFile section */
		2EA9C76D1DE3C7110019E421 /* AppDelegate.swift in Sources */ = {isa = PBXBuildFile; fileRef = 2EA9C76C1DE3C7110019E421 /* AppDelegate.swift */; };
		2EA9C76F1DE3C7110019E421 /* ViewController.swift in Sources */ = {isa = PBXBuildFile; fileRef = 2EA9C76E1DE3C7110019E421 /* ViewController.swift */; };
		2EA9C7721DE3C7110019E421 /* Main.storyboard in Resources */ = {isa = PBXBuildFile; fileRef = 2EA9C7701DE3C7110019E421 /* Main.storyboard */; };
		2EA9C7741DE3C7110019E421 /* Assets.xcassets in Resources */ = {isa = PBXBuildFile; fileRef = 2EA9C7731DE3C7110019E421 /* Assets.xcassets */; };
		2EA9C7771DE3C7110019E421 /* LaunchScreen.storyboard in Resources */ = {isa = PBXBuildFile; fileRef = 2EA9C7751DE3C7110019E421 /* LaunchScreen.storyboard */; };
/* End PBXBuildFile section */

/* Begin PBXFileReference section */
		2EA9C7691DE3C7110019E421 /* TestGitHub1.app */ = {isa = PBXFileReference; explicitFileType = wrapper.application; includeInIndex = 0; path = TestGitHub1.app; sourceTree = BUILT_PRODUCTS_DIR; };
		2EA9C76C1DE3C7110019E421 /* AppDelegate.swift */ = {isa = PBXFileReference; lastKnownFileType = sourcecode.swift; path = AppDelegate.swift; sourceTree = "<group>"; };
		2EA9C76E1DE3C7110019E421 /* ViewController.swift */ = {isa = PBXFileReference; lastKnownFileType = sourcecode.swift; path = ViewController.swift; sourceTree = "<group>"; };
		2EA9C7711DE3C7110019E421 /* Base */ = {isa = PBXFileReference; lastKnownFileType = file.storyboard; name = Base; path = Base.lproj/Main.storyboard; sourceTree = "<group>"; };
		2EA9C7731DE3C7110019E421 /* Assets.xcassets */ = {isa = PBXFileReference; lastKnownFileType = folder.assetcatalog; path = Assets.xcassets; sourceTree = "<group>"; };
		2EA9C7761DE3C7110019E421 /* Base */ = {isa = PBXFileReference; lastKnownFileType = file.storyboard; name = Base; path = Base.lproj/LaunchScreen.storyboard; sourceTree = "<group>"; };
		2EA9C7781DE3C7110019E421 /* Info.plist */ = {isa = PBXFileReference; lastKnownFileType = text.plist.xml; path = Info.plist; sourceTree = "<group>"; };
/* End PBXFileReference section */

/* Begin PBXFrameworksBuildPhase section */
		2EA9C7661DE3C7110019E421 /* Frameworks */ = {
			isa = PBXFrameworksBuildPhase;
			buildActionMask = 2147483647;
			files = (
			);
			runOnlyForDeploymentPostprocessing = 0;
		};
/* End PBXFrameworksBuildPhase section */

/* Begin PBXGroup section */
		2EA9C7601DE3C7110019E421 = {
			isa = PBXGroup;
			children = (
				2EA9C76B1DE3C7110019E421 /* TestGitHub1 */,
				2EA9C76A1DE3C7110019E421 /* Products */,
			);
			sourceTree = "<group>";
		};
		2EA9C76A1DE3C7110019E421 /* Products */ = {
			isa = PBXGroup;
			children = (
				2EA9C7691DE3C7110019E421 /* TestGitHub1.app */,
			);
			name = Products;
			sourceTree = "<group>";
		};
		2EA9C76B1DE3C7110019E421 /* TestGitHub1 */ = {
			isa = PBXGroup;
			children = (
				2EA9C76C1DE3C7110019E421 /* AppDelegate.swift */,
				2EA9C76E1DE3C7110019E421 /* ViewController.swift */,
				2EA9C7701DE3C7110019E421 /* Main.storyboard */,
				2EA9C7731DE3C7110019E421 /* Assets.xcassets */,
				2EA9C7751DE3C7110019E421 /* LaunchScreen.storyboard */,
				2EA9C7781DE3C7110019E421 /* Info.plist */,
			);
			path = TestGitHub1;
			sourceTree = "<group>";
		};
/* End PBXGroup section */

/* Begin PBXNativeTarget section */
		2EA9C7681DE3C7110019E421 /* TestGitHub1 */ = {
			isa = PBXNativeTarget;
			buildConfigurationList = 2EA9C77B1DE3C7110019E421 /* Build configuration list for PBXNativeTarget "TestGitHub1" */;
			buildPhases = (
				2EA9C7651DE3C7110019E421 /* Sources */,
				2EA9C7661DE3C7110019E421 /* Frameworks */,
				2EA9C7671DE3C7110019E421 /* Resources */,
			);
			buildRules = (
			);
			dependencies = (
			);
			name = TestGitHub1;
			productName = TestGitHub1;
			productReference = 2EA9C7691DE3C7110019E421 /* TestGitHub1.app */;
			productType = "com.apple.product-type.application";
		};
/* End PBXNativeTarget section */

/* Begin PBXProject section */
		2EA9C7611DE3C7110019E421 /* Project object */ = {
			isa = PBXProject;
			attributes = {
				LastSwiftUpdateCheck = 0810;
				LastUpgradeCheck = 0810;
				ORGANIZATIONNAME = "Josef Volkman";
				TargetAttributes = {
					2EA9C7681DE3C7110019E421 = {
						CreatedOnToolsVersion = 8.1;
						DevelopmentTeam = SKZU234LP8;
						ProvisioningStyle = Automatic;
					};
				};
			};
			buildConfigurationList = 2EA9C7641DE3C7110019E421 /* Build configuration list for PBXProject "TestGitHub1" */;
			compatibilityVersion = "Xcode 3.2";
			developmentRegion = English;
			hasScannedForEncodings = 0;
			knownRegions = (
				en,
				Base,
			);
			mainGroup = 2EA9C7601DE3C7110019E421;
			productRefGroup = 2EA9C76A1DE3C7110019E421 /* Products */;
			projectDirPath = "";
			projectRoot = "";
			targets = (
				2EA9C7681DE3C7110019E421 /* TestGitHub1 */,
			);
		};
/* End PBXProject section */

/* Begin PBXResourcesBuildPhase section */
		2EA9C7671DE3C7110019E421 /* Resources */ = {
			isa = PBXResourcesBuildPhase;
			buildActionMask = 2147483647;
			files = (
				2EA9C7771DE3C7110019E421 /* LaunchScreen.storyboard in Resources */,
				2EA9C7741DE3C7110019E421 /* Assets.xcassets in Resources */,
				2EA9C7721DE3C7110019E421 /* Main.storyboard in Resources */,
			);
			runOnlyForDeploymentPostprocessing = 0;
		};
/* End PBXResourcesBuildPhase section */

/* Begin PBXSourcesBuildPhase section */
		2EA9C7651DE3C7110019E421 /* Sources */ = {
			isa = PBXSourcesBuildPhase;
			buildActionMask = 2147483647;
			files = (
				2EA9C76F1DE3C7110019E421 /* ViewController.swift in Sources */,
				2EA9C76D1DE3C7110019E421 /* AppDelegate.swift in Sources */,
			);
			runOnlyForDeploymentPostprocessing = 0;
		};
/* End PBXSourcesBuildPhase section */

/* Begin PBXVariantGroup section */
		2EA9C7701DE3C7110019E421 /* Main.storyboard */ = {
			isa = PBXVariantGroup;
			children = (
				2EA9C7711DE3C7110019E421 /* Base */,
			);
			name = Main.storyboard;
			sourceTree = "<group>";
		};
		2EA9C7751DE3C7110019E421 /* LaunchScreen.storyboard */ = {
			isa = PBXVariantGroup;
			children = (
				2EA9C7761DE3C7110019E421 /* Base */,
			);
			name = LaunchScreen.storyboard;
			sourceTree = "<group>";
		};
/* End PBXVariantGroup section */

/* Begin XCBuildConfiguration section */
		2EA9C7791DE3C7110019E421 /* Debug */ = {
			isa = XCBuildConfiguration;
			buildSettings = {
				ALWAYS_SEARCH_USER_PATHS = NO;
				CLANG_ANALYZER_NONNULL = YES;
				CLANG_CXX_LANGUAGE_STANDARD = "gnu++0x";
				CLANG_CXX_LIBRARY = "libc++";
				CLANG_ENABLE_MODULES = YES;
				CLANG_ENABLE_OBJC_ARC = YES;
				CLANG_WARN_BOOL_CONVERSION = YES;
				CLANG_WARN_CONSTANT_CONVERSION = YES;
				CLANG_WARN_DIRECT_OBJC_ISA_USAGE = YES_ERROR;
				CLANG_WARN_DOCUMENTATION_COMMENTS = YES;
				CLANG_WARN_EMPTY_BODY = YES;
				CLANG_WARN_ENUM_CONVERSION = YES;
				CLANG_WARN_INFINITE_RECURSION = YES;
				CLANG_WARN_INT_CONVERSION = YES;
				CLANG_WARN_OBJC_ROOT_CLASS = YES_ERROR;
				CLANG_WARN_SUSPICIOUS_MOVES = YES;
				CLANG_WARN_UNREACHABLE_CODE = YES;
				CLANG_WARN__DUPLICATE_METHOD_MATCH = YES;
				"CODE_SIGN_IDENTITY[sdk=iphoneos*]" = "iPhone Developer";
				COPY_PHASE_STRIP = NO;
				DEBUG_INFORMATION_FORMAT = dwarf;
				ENABLE_STRICT_OBJC_MSGSEND = YES;
				ENABLE_TESTABILITY = YES;
				GCC_C_LANGUAGE_STANDARD = gnu99;
				GCC_DYNAMIC_NO_PIC = NO;
				GCC_NO_COMMON_BLOCKS = YES;
				GCC_OPTIMIZATION_LEVEL = 0;
				GCC_PREPROCESSOR_DEFINITIONS = (
					"DEBUG=1",
					"$(inherited)",
				);
				GCC_WARN_64_TO_32_BIT_CONVERSION = YES;
				GCC_WARN_ABOUT_RETURN_TYPE = YES_ERROR;
				GCC_WARN_UNDECLARED_SELECTOR = YES;
				GCC_WARN_UNINITIALIZED_AUTOS = YES_AGGRESSIVE;
				GCC_WARN_UNUSED_FUNCTION = YES;
				GCC_WARN_UNUSED_VARIABLE = YES;
				IPHONEOS_DEPLOYMENT_TARGET = 10.1;
				MTL_ENABLE_DEBUG_INFO = YES;
				ONLY_ACTIVE_ARCH = YES;
				SDKROOT = iphoneos;
				SWIFT_ACTIVE_COMPILATION_CONDITIONS = DEBUG;
				SWIFT_OPTIMIZATION_LEVEL = "-Onone";
				TARGETED_DEVICE_FAMILY = "1,2";
			};
			name = Debug;
		};
		2EA9C77A1DE3C7110019E421 /* Release */ = {
			isa = XCBuildConfiguration;
			buildSettings = {
				ALWAYS_SEARCH_USER_PATHS = NO;
				CLANG_ANALYZER_NONNULL = YES;
				CLANG_CXX_LANGUAGE_STANDARD = "gnu++0x";
				CLANG_CXX_LIBRARY = "libc++";
				CLANG_ENABLE_MODULES = YES;
				CLANG_ENABLE_OBJC_ARC = YES;
				CLANG_WARN_BOOL_CONVERSION = YES;
				CLANG_WARN_CONSTANT_CONVERSION = YES;
				CLANG_WARN_DIRECT_OBJC_ISA_USAGE = YES_ERROR;
				CLANG_WARN_DOCUMENTATION_COMMENTS = YES;
				CLANG_WARN_EMPTY_BODY = YES;
				CLANG_WARN_ENUM_CONVERSION = YES;
				CLANG_WARN_INFINITE_RECURSION = YES;
				CLANG_WARN_INT_CONVERSION = YES;
				CLANG_WARN_OBJC_ROOT_CLASS = YES_ERROR;
				CLANG_WARN_SUSPICIOUS_MOVES = YES;
				CLANG_WARN_UNREACHABLE_CODE = YES;
				CLANG_WARN__DUPLICATE_METHOD_MATCH = YES;
				"CODE_SIGN_IDENTITY[sdk=iphoneos*]" = "iPhone Developer";
				COPY_PHASE_STRIP = NO;
				DEBUG_INFORMATION_FORMAT = "dwarf-with-dsym";
				ENABLE_NS_ASSERTIONS = NO;
				ENABLE_STRICT_OBJC_MSGSEND = YES;
				GCC_C_LANGUAGE_STANDARD = gnu99;
				GCC_NO_COMMON_BLOCKS = YES;
				GCC_WARN_64_TO_32_BIT_CONVERSION = YES;
				GCC_WARN_ABOUT_RETURN_TYPE = YES_ERROR;
				GCC_WARN_UNDECLARED_SELECTOR = YES;
				GCC_WARN_UNINITIALIZED_AUTOS = YES_AGGRESSIVE;
				GCC_WARN_UNUSED_FUNCTION = YES;
				GCC_WARN_UNUSED_VARIABLE = YES;
				IPHONEOS_DEPLOYMENT_TARGET = 10.1;
				MTL_ENABLE_DEBUG_INFO = NO;
				SDKROOT = iphoneos;
				SWIFT_OPTIMIZATION_LEVEL = "-Owholemodule";
				TARGETED_DEVICE_FAMILY = "1,2";
				VALIDATE_PRODUCT = YES;
			};
			name = Release;
		};
		2EA9C77C1DE3C7110019E421 /* Debug */ = {
			isa = XCBuildConfiguration;
			buildSettings = {
				ASSETCATALOG_COMPILER_APPICON_NAME = AppIcon;
				DEVELOPMENT_TEAM = SKZU234LP8;
				INFOPLIST_FILE = TestGitHub1/Info.plist;
				LD_RUNPATH_SEARCH_PATHS = "$(inherited) @executable_path/Frameworks";
				PRODUCT_BUNDLE_IDENTIFIER = Volkman.TestGitHub1;
				PRODUCT_NAME = "$(TARGET_NAME)";
				SWIFT_VERSION = 3.0;
			};
			name = Debug;
		};
		2EA9C77D1DE3C7110019E421 /* Release */ = {
			isa = XCBuildConfiguration;
			buildSettings = {
				ASSETCATALOG_COMPILER_APPICON_NAME = AppIcon;
				DEVELOPMENT_TEAM = SKZU234LP8;
				INFOPLIST_FILE = TestGitHub1/Info.plist;
				LD_RUNPATH_SEARCH_PATHS = "$(inherited) @executable_path/Frameworks";
				PRODUCT_BUNDLE_IDENTIFIER = Volkman.TestGitHub1;
				PRODUCT_NAME = "$(TARGET_NAME)";
				SWIFT_VERSION = 3.0;
			};
			name = Release;
		};
/* End XCBuildConfiguration section */

/* Begin XCConfigurationList section */
		2EA9C7641DE3C7110019E421 /* Build configuration list for PBXProject "TestGitHub1" */ = {
			isa = XCConfigurationList;
			buildConfigurations = (
				2EA9C7791DE3C7110019E421 /* Debug */,
				2EA9C77A1DE3C7110019E421 /* Release */,
			);
			defaultConfigurationIsVisible = 0;
			defaultConfigurationName = Release;
		};
		2EA9C77B1DE3C7110019E421 /* Build configuration list for PBXNativeTarget "TestGitHub1" */ = {
			isa = XCConfigurationList;
			buildConfigurations = (
				2EA9C77C1DE3C7110019E421 /* Debug */,
				2EA9C77D1DE3C7110019E421 /* Release */,
			);
			defaultConfigurationIsVisible = 0;
		};
/* End XCConfigurationList section */
	};
	rootObject = 2EA9C7611DE3C7110019E421 /* Project object */;
}
